
Microsoft Visual Studio Solution File, Format Version 12.00
# Visual Studio Version 17
VisualStudioVersion = 17.11.35208.52
MinimumVisualStudioVersion = 10.0.40219.1
Project("{FAE04EC0-301F-11D3-BF4B-00C04F79EFBC}") = "EmployeeAdminPortal", "EmployeeAdminPortal.csproj", "{F6497300-F3E5-4DC7-A27F-E1B351F8D23F}"
EndProject
Global
	GlobalSection(SolutionConfigurationPlatforms) = preSolution
		Debug|Any CPU = Debug|Any CPU
		Release|Any CPU = Release|Any CPU
	EndGlobalSection
	GlobalSection(ProjectConfigurationPlatforms) = postSolution
		{F6497300-F3E5-4DC7-A27F-E1B351F8D23F}.Debug|Any CPU.ActiveCfg = Debug|Any CPU
		{F6497300-F3E5-4DC7-A27F-E1B351F8D23F}.Debug|Any CPU.Build.0 = Debug|Any CPU
		{F6497300-F3E5-4DC7-A27F-E1B351F8D23F}.Release|Any CPU.ActiveCfg = Release|Any CPU
		{F6497300-F3E5-4DC7-A27F-E1B351F8D23F}.Release|Any CPU.Build.0 = Release|Any CPU
	EndGlobalSection
	GlobalSection(SolutionProperties) = preSolution
		HideSolutionNode = FALSE
	EndGlobalSection
	GlobalSection(ExtensibilityGlobals) = postSolution
		SolutionGuid = {99E55075-F9C0-466E-928C-4E897CE168B2}
	EndGlobalSection
EndGlobal
